
Microsoft Visual Studio Solution File, Format Version 12.00
# Visual Studio Version 17
VisualStudioVersion = 17.2.32526.322
MinimumVisualStudioVersion = 10.0.40219.1
Project("{FAE04EC0-301F-11D3-BF4B-00C04F79EFBC}") = "ExamenPOO_Ema_Arnold", "ExamenPOO_Ema_Arnold\ExamenPOO_Ema_Arnold.csproj", "{C709196A-67C7-43B4-B55C-5A222D807B4B}"
EndProject
Global
	GlobalSection(SolutionConfigurationPlatforms) = preSolution
		Debug|Any CPU = Debug|Any CPU
		Release|Any CPU = Release|Any CPU
	EndGlobalSection
	GlobalSection(ProjectConfigurationPlatforms) = postSolution
		{C709196A-67C7-43B4-B55C-5A222D807B4B}.Debug|Any CPU.ActiveCfg = Debug|Any CPU
		{C709196A-67C7-43B4-B55C-5A222D807B4B}.Debug|Any CPU.Build.0 = Debug|Any CPU
		{C709196A-67C7-43B4-B55C-5A222D807B4B}.Release|Any CPU.ActiveCfg = Release|Any CPU
		{C709196A-67C7-43B4-B55C-5A222D807B4B}.Release|Any CPU.Build.0 = Release|Any CPU
	EndGlobalSection
	GlobalSection(SolutionProperties) = preSolution
		HideSolutionNode = FALSE
	EndGlobalSection
	GlobalSection(ExtensibilityGlobals) = postSolution
		SolutionGuid = {21246ECD-0D5B-409E-B37B-7C7C8AC944FE}
	EndGlobalSection
EndGlobal
